
Microsoft Visual Studio Solution File, Format Version 12.00
# Visual Studio Version 17
VisualStudioVersion = 17.2.32616.157
MinimumVisualStudioVersion = 10.0.40219.1
Project("{FAE04EC0-301F-11D3-BF4B-00C04F79EFBC}") = "Aida64Mobile.Android", "Aida64Mobile\Aida64Mobile.Android\Aida64Mobile.Android.csproj", "{C4303F25-EFD0-46A5-A176-0442D3396C5E}"
EndProject
Project("{9A19103F-16F7-4668-BE54-9A1E7A4F7556}") = "Aida64Mobile", "Aida64Mobile\Aida64Mobile\Aida64Mobile.csproj", "{A17C88E5-5C0C-4BC8-B798-6F903B8A155F}"
EndProject
Project("{9A19103F-16F7-4668-BE54-9A1E7A4F7556}") = "Aida64Service", "Aida64Service\Aida64Service.csproj", "{A4E7E403-4158-4E1A-A178-E57A253819D5}"
EndProject
Global
	GlobalSection(SolutionConfigurationPlatforms) = preSolution
		Debug|Any CPU = Debug|Any CPU
		Release|Any CPU = Release|Any CPU
	EndGlobalSection
	GlobalSection(ProjectConfigurationPlatforms) = postSolution
		{C4303F25-EFD0-46A5-A176-0442D3396C5E}.Debug|Any CPU.ActiveCfg = Debug|Any CPU
		{C4303F25-EFD0-46A5-A176-0442D3396C5E}.Debug|Any CPU.Build.0 = Debug|Any CPU
		{C4303F25-EFD0-46A5-A176-0442D3396C5E}.Debug|Any CPU.Deploy.0 = Debug|Any CPU
		{C4303F25-EFD0-46A5-A176-0442D3396C5E}.Release|Any CPU.ActiveCfg = Release|Any CPU
		{C4303F25-EFD0-46A5-A176-0442D3396C5E}.Release|Any CPU.Build.0 = Release|Any CPU
		{C4303F25-EFD0-46A5-A176-0442D3396C5E}.Release|Any CPU.Deploy.0 = Release|Any CPU
		{A17C88E5-5C0C-4BC8-B798-6F903B8A155F}.Debug|Any CPU.ActiveCfg = Debug|Any CPU
		{A17C88E5-5C0C-4BC8-B798-6F903B8A155F}.Debug|Any CPU.Build.0 = Debug|Any CPU
		{A17C88E5-5C0C-4BC8-B798-6F903B8A155F}.Release|Any CPU.ActiveCfg = Release|Any CPU
		{A17C88E5-5C0C-4BC8-B798-6F903B8A155F}.Release|Any CPU.Build.0 = Release|Any CPU
		{A4E7E403-4158-4E1A-A178-E57A253819D5}.Debug|Any CPU.ActiveCfg = Debug|Any CPU
		{A4E7E403-4158-4E1A-A178-E57A253819D5}.Debug|Any CPU.Build.0 = Debug|Any CPU
		{A4E7E403-4158-4E1A-A178-E57A253819D5}.Release|Any CPU.ActiveCfg = Release|Any CPU
		{A4E7E403-4158-4E1A-A178-E57A253819D5}.Release|Any CPU.Build.0 = Release|Any CPU
	EndGlobalSection
	GlobalSection(SolutionProperties) = preSolution
		HideSolutionNode = FALSE
	EndGlobalSection
	GlobalSection(ExtensibilityGlobals) = postSolution
		SolutionGuid = {B855243C-06BD-4534-B452-D9C8F73340CB}
	EndGlobalSection
EndGlobal
